{
  "version": 2,
  "dependencies": {
    "net10.0-windows10.0.26100": {
      "Microsoft.WindowsAppSDK": {
        "type": "Direct",
        "requested": "[2.5.1, )",
        "resolved": "2.5.1",
        "contentHash": "WgKPzT1H2s17azODD1jNZje69z1hGz8VSh3bIylTtXHVg7hLyrn8Y+rswFqF41UX8ea7ELeoyqN80zZ6EHwCFA==",
        "dependencies": {
          "Microsoft.WindowsAppSDK.AI": "2.5.5",
          "Microsoft.WindowsAppSDK.Base": "2.0.4",
          "Microsoft.WindowsAppSDK.DWrite": "2.1.0",
          "Microsoft.WindowsAppSDK.Foundation": "2.3.12",
          "Microsoft.WindowsAppSDK.InteractiveExperiences": "2.1.9",
          "Microsoft.WindowsAppSDK.ML": "2.1.94",
          "Microsoft.WindowsAppSDK.Runtime": "[2.5.1]",
          "Microsoft.WindowsAppSDK.Search": "2.5.5",
          "Microsoft.WindowsAppSDK.Widgets": "2.0.5",
          "Microsoft.WindowsAppSDK.WinUI": "2.3.9"
        }
      },
      "CfSharp.Native": {
        "type": "Transitive",
        "resolved": "0.1.0-preview.5",
        "contentHash": "So/veF/OKJn/lgQIYslXZpkdGEhllS80rrMYcw/8iU0zsIISPaQLV5v4USXC1Fotwi4/e5tFmXXSwtKv6RpI1Q=="
      },
      "Microsoft.Data.Sqlite.Core": {
        "type": "Transitive",
        "resolved": "8.0.31",
        "contentHash": "o6muD6VLO/Et5Cmi5UGSvj5cwjTpc26/OP6z96+4aK4YhCmKlSHkFTEKCiR/JzDDI6E/qrkfEt9ybu9J0tiKrQ==",
        "dependencies": {
          "SQLitePCLRaw.core": "2.1.12"
        }
      },
      "Microsoft.Web.WebView2": {
        "type": "Transitive",
        "resolved": "1.0.3719.77",
        "contentHash": "t+ucyKw5NTwMjsUrDF6R9Lk40lpcKQD1/HgyGFxl49tdA4h9dKlsj6FYGEmDRpFNfnTpENuTypMcdbrlkqBdDA=="
      },
      "Microsoft.Windows.AI.MachineLearning": {
        "type": "Transitive",
        "resolved": "2.1.74",
        "contentHash": "/Z1yAQ0J53eD1RrOl5anTDS0UQOgneERY//hLljwGcWeUX9ynCvOl5qUxAsfWvwsZZGcvV4WKjAvnAtA6N5i+w==",
        "dependencies": {
          "System.Numerics.Tensors": "9.0.0"
        }
      },
      "Microsoft.Windows.SDK.BuildTools.MSIX": {
        "type": "Transitive",
        "resolved": "1.7.251221100",
        "contentHash": "f4aIZJ0NUth2403oxrpR+9rxVzZVI6dabqB21u8ncnk8eJAKCs9m77E4iYAnvP1YwrRe4axz3f8+yUcttNSfEA=="
      },
      "Microsoft.WindowsAppSDK.AI": {
        "type": "Transitive",
        "resolved": "2.5.5",
        "contentHash": "f6XA05BsTAmDDsWGiFQdcAujNlbET5QbqxhBo7iHPJJix+RJajXKv1XlO19M78GtEpi2AYGEv08dPxER8ESYAw==",
        "dependencies": {
          "Microsoft.WindowsAppSDK.Base": "2.0.4",
          "Microsoft.WindowsAppSDK.Foundation": "2.3.12"
        }
      },
      "Microsoft.WindowsAppSDK.Base": {
        "type": "Transitive",
        "resolved": "2.0.4",
        "contentHash": "QXSy2llX2/Bx9dYWGUEsb10F40q94ZiDnPMzqa2/qRmTG4y9EXxGp6uHITb7c0b4FCa+6KFBlgh6D53M0QEMEg==",
        "dependencies": {
          "Microsoft.Windows.SDK.BuildTools": "10.0.26100.4654",
          "Microsoft.Windows.SDK.BuildTools.MSIX": "1.7.251221100"
        }
      },
      "Microsoft.WindowsAppSDK.DWrite": {
        "type": "Transitive",
        "resolved": "2.1.0",
        "contentHash": "dgix7NSeo7Z8SZPyrsOqYm/6OUvBveHCiVyorYecmtDYoZW26dJ6/i9yveIxgWvmFpgfKXPeIuQBCvhbetHiYg==",
        "dependencies": {
          "Microsoft.WindowsAppSDK.Base": "2.0.3"
        }
      },
      "Microsoft.WindowsAppSDK.Foundation": {
        "type": "Transitive",
        "resolved": "2.3.12",
        "contentHash": "UflrNbXoZmHPt8lLGDk4gQ+yoGfQlCHd3TVTy7YwCMZ/aVGWAiLDqGCEjtWmNsI8ySy6imx3ZlenKfd2/VMPEg==",
        "dependencies": {
          "Microsoft.WindowsAppSDK.Base": "2.0.4",
          "Microsoft.WindowsAppSDK.InteractiveExperiences": "2.1.8"
        }
      },
      "Microsoft.WindowsAppSDK.InteractiveExperiences": {
        "type": "Transitive",
        "resolved": "2.1.9",
        "contentHash": "59nvb3pQYsBTTGrobeHkB4bkxASHtpaORJl7r6Zvg8PSIDCupEZTPKrIhnUknHDGfAtuBsnORjgvRi2WXGaRhA==",
        "dependencies": {
          "Microsoft.WindowsAppSDK.Base": "2.0.4"
        }
      },
      "Microsoft.WindowsAppSDK.ML": {
        "type": "Transitive",
        "resolved": "2.1.94",
        "contentHash": "b21CWVubc3WqWNJ9+fy7n+s83LgwBpIzYrOuSUmHAqPB0pH+ttjgiknnDA/oF7wCbjiaUb4KDXVV7Mya3f18Ug==",
        "dependencies": {
          "Microsoft.Windows.AI.MachineLearning": "[2.1.74, 3.0.0)",
          "Microsoft.WindowsAppSDK.Base": "2.0.4",
          "Microsoft.WindowsAppSDK.Foundation": "2.3.12"
        }
      },
      "Microsoft.WindowsAppSDK.Runtime": {
        "type": "Transitive",
        "resolved": "2.5.1",
        "contentHash": "EDzGf6Tq9njNfNsTfqKdiwmSzFF/caHItuDa99UTQiOvLXwOjCL1k75/PMLSoHbCo1cSlHh/sSqZVssJ/Z0NzA==",
        "dependencies": {
          "Microsoft.WindowsAppSDK.Base": "2.0.4"
        }
      },
      "Microsoft.WindowsAppSDK.Search": {
        "type": "Transitive",
        "resolved": "2.5.5",
        "contentHash": "uvYkXi9TB4rk/kgWn5XHEkMNMU+xhjY+S0QWsxEs8wYT/dXAjfHvW30+JVoW/THZ/9jIMinEn4gliCSVRFV0Sw==",
        "dependencies": {
          "Microsoft.WindowsAppSDK.AI": "[2.5.5]",
          "Microsoft.WindowsAppSDK.Base": "2.0.4",
          "Microsoft.WindowsAppSDK.Foundation": "2.3.12"
        }
      },
      "Microsoft.WindowsAppSDK.Widgets": {
        "type": "Transitive",
        "resolved": "2.0.5",
        "contentHash": "lRz+8+QU65gV8hRzLVE+GRsPKZ42lnzqkmsw96HzQd/DuFYfr4JYpUU7ZZ5YrkV2EfQe4BCmoRKAeZ3WwalMcg==",
        "dependencies": {
          "Microsoft.WindowsAppSDK.Base": "2.0.3"
        }
      },
      "Microsoft.WindowsAppSDK.WinUI": {
        "type": "Transitive",
        "resolved": "2.3.9",
        "contentHash": "GiuYUQqMYD5lycT+X2AGX1rlbHU/zf8xoPeZNXZbJj4mZcSr4STsxeRUMxnTUQLAmmjjQaPrTIRjn78vbPhAvg==",
        "dependencies": {
          "Microsoft.Web.WebView2": "1.0.3719.77",
          "Microsoft.WindowsAppSDK.Base": "2.0.4",
          "Microsoft.WindowsAppSDK.Foundation": "2.3.12",
          "Microsoft.WindowsAppSDK.InteractiveExperiences": "2.1.8"
        }
      },
      "SQLitePCLRaw.bundle_e_sqlite3": {
        "type": "Transitive",
        "resolved": "2.1.12",
        "contentHash": "mAgscpQMLw5/nfA1Q5oJVAT29yROUo1ifZGbbTpx/lwZpSxMUGoYbKfmvdm8oXER+RzxqBmmQzeBEVKfeHv2nw==",
        "dependencies": {
          "SQLitePCLRaw.lib.e_sqlite3": "2.1.12",
          "SQLitePCLRaw.provider.e_sqlite3": "2.1.12"
        }
      },
      "SQLitePCLRaw.core": {
        "type": "Transitive",
        "resolved": "2.1.12",
        "contentHash": "ETpNw9DY3ckWLgRRAeCHj+GKOuPi61aeczkXhgHexUvqoZBAYg8RYESE2J7O1M7+o6QbdSEZwrw9bfqztUVWXg=="
      },
      "SQLitePCLRaw.lib.e_sqlite3": {
        "type": "Transitive",
        "resolved": "2.1.12",
        "contentHash": "fWi8Dbknuhgg72fWinIdjXVaqO1hHL4YBBwVLnr7e1c9TAZwJ0QE38j9syW1hwx6HaqEVTwI+O07WPdZn8Rp0w=="
      },
      "SQLitePCLRaw.provider.e_sqlite3": {
        "type": "Transitive",
        "resolved": "2.1.12",
        "contentHash": "W3oH4XIfCzFrgUSDKHhN6N+dgzA5YHOR2VxX8GB6Qy7CyrJJgxPEG8NirgYWlPQC5P2jz2knSsexWu4tDUL33g==",
        "dependencies": {
          "SQLitePCLRaw.core": "2.1.12"
        }
      },
      "System.Numerics.Tensors": {
        "type": "Transitive",
        "resolved": "9.0.0",
        "contentHash": "hyJB4UlpAi19Xr9AXzu2NuagKC4lPfHObNMEAA0HmqFz2rX7wKgzeYzO/jM/eBHDhnUGFFEjk5cOoJaxqg5J4A=="
      },
      "mirrorpulse.cloudfiles.cfsharp": {
        "type": "Project",
        "dependencies": {
          "CfSharp": "[0.1.0-preview.5, )",
          "CfSharp.Storage.Sqlite": "[0.1.0-preview.5, )",
          "MirrorPulse.Adapter.Sdk": "[0.2.0, 0.2.0]",
          "MirrorPulse.Core": "[1.0.0, )"
        }
      },
      "mirrorpulse.control": {
        "type": "Project",
        "dependencies": {
          "MirrorPulse.Core": "[1.0.0, )"
        }
      },
      "mirrorpulse.core": {
        "type": "Project",
        "dependencies": {
          "Microsoft.Data.Sqlite": "[8.0.31, )"
        }
      },
      "CfSharp": {
        "type": "CentralTransitive",
        "requested": "[0.1.0-preview.5, )",
        "resolved": "0.1.0-preview.5",
        "contentHash": "O5miHIR8scWhhV3CJ8BNdMFsVafmAA/DcYEugND0OSSxT5661AUNkTtAA7ZZyKMBwp2Atvn6UEd1HzTwk2iW6A==",
        "dependencies": {
          "CfSharp.Native": "0.1.0-preview.5"
        }
      },
      "CfSharp.Storage.Sqlite": {
        "type": "CentralTransitive",
        "requested": "[0.1.0-preview.5, )",
        "resolved": "0.1.0-preview.5",
        "contentHash": "LWdM80CHbGVtrADyR2eX6g1zLQWhi4CqGZrQanhByMTsKuUy8coAI5JZ6cw0bmVeA8SHxKhkIVamm3lzRDBuvg==",
        "dependencies": {
          "CfSharp": "0.1.0-preview.5",
          "Microsoft.Data.Sqlite": "8.0.31"
        }
      },
      "Microsoft.Data.Sqlite": {
        "type": "CentralTransitive",
        "requested": "[8.0.31, )",
        "resolved": "8.0.31",
        "contentHash": "WBM+0lBcUKeItKCAdBuTariYoV2tAICxE4FSzFDxlZXx9mO1YSr9NBD7vX2tYrKCHKOhpdwVJPa7fMD6zVHDjw==",
        "dependencies": {
          "Microsoft.Data.Sqlite.Core": "8.0.31",
          "SQLitePCLRaw.bundle_e_sqlite3": "2.1.12"
        }
      },
      "Microsoft.Windows.SDK.BuildTools": {
        "type": "CentralTransitive",
        "requested": "[10.0.28000.2705, )",
        "resolved": "10.0.26100.4654",
        "contentHash": "2mgcOlj/t2RfSyyw+pVESfO+Tk1RkfQzto9Vrq42M1lUQIfQEwbi8QLha9GXWIOj+TFzeHIEJckIoF25mgiM8A=="
      },
      "MirrorPulse.Adapter.Sdk": {
        "type": "CentralTransitive",
        "requested": "[0.2.0, 0.2.0]",
        "resolved": "0.2.0",
        "contentHash": "xzz57ZRJg8nQzkGQFIyJp+blVNSLzs+l6XGNnyXj/mfJuur6hEVPkTzNcj27K+0IGWyd9aDz4qdH31eDwakSJg=="
      }
    },
    "net10.0-windows10.0.26100/win-arm64": {
      "Microsoft.Web.WebView2": {
        "type": "Transitive",
        "resolved": "1.0.3719.77",
        "contentHash": "t+ucyKw5NTwMjsUrDF6R9Lk40lpcKQD1/HgyGFxl49tdA4h9dKlsj6FYGEmDRpFNfnTpENuTypMcdbrlkqBdDA=="
      },
      "Microsoft.Windows.AI.MachineLearning": {
        "type": "Transitive",
        "resolved": "2.1.74",
        "contentHash": "/Z1yAQ0J53eD1RrOl5anTDS0UQOgneERY//hLljwGcWeUX9ynCvOl5qUxAsfWvwsZZGcvV4WKjAvnAtA6N5i+w==",
        "dependencies": {
          "System.Numerics.Tensors": "9.0.0"
        }
      },
      "Microsoft.WindowsAppSDK.Foundation": {
        "type": "Transitive",
        "resolved": "2.3.12",
        "contentHash": "UflrNbXoZmHPt8lLGDk4gQ+yoGfQlCHd3TVTy7YwCMZ/aVGWAiLDqGCEjtWmNsI8ySy6imx3ZlenKfd2/VMPEg==",
        "dependencies": {
          "Microsoft.WindowsAppSDK.Base": "2.0.4",
          "Microsoft.WindowsAppSDK.InteractiveExperiences": "2.1.8"
        }
      },
      "SQLitePCLRaw.lib.e_sqlite3": {
        "type": "Transitive",
        "resolved": "2.1.12",
        "contentHash": "fWi8Dbknuhgg72fWinIdjXVaqO1hHL4YBBwVLnr7e1c9TAZwJ0QE38j9syW1hwx6HaqEVTwI+O07WPdZn8Rp0w=="
      }
    },
    "net10.0-windows10.0.26100/win-x64": {
      "Microsoft.Web.WebView2": {
        "type": "Transitive",
        "resolved": "1.0.3719.77",
        "contentHash": "t+ucyKw5NTwMjsUrDF6R9Lk40lpcKQD1/HgyGFxl49tdA4h9dKlsj6FYGEmDRpFNfnTpENuTypMcdbrlkqBdDA=="
      },
      "Microsoft.Windows.AI.MachineLearning": {
        "type": "Transitive",
        "resolved": "2.1.74",
        "contentHash": "/Z1yAQ0J53eD1RrOl5anTDS0UQOgneERY//hLljwGcWeUX9ynCvOl5qUxAsfWvwsZZGcvV4WKjAvnAtA6N5i+w==",
        "dependencies": {
          "System.Numerics.Tensors": "9.0.0"
        }
      },
      "Microsoft.WindowsAppSDK.Foundation": {
        "type": "Transitive",
        "resolved": "2.3.12",
        "contentHash": "UflrNbXoZmHPt8lLGDk4gQ+yoGfQlCHd3TVTy7YwCMZ/aVGWAiLDqGCEjtWmNsI8ySy6imx3ZlenKfd2/VMPEg==",
        "dependencies": {
          "Microsoft.WindowsAppSDK.Base": "2.0.4",
          "Microsoft.WindowsAppSDK.InteractiveExperiences": "2.1.8"
        }
      },
      "SQLitePCLRaw.lib.e_sqlite3": {
        "type": "Transitive",
        "resolved": "2.1.12",
        "contentHash": "fWi8Dbknuhgg72fWinIdjXVaqO1hHL4YBBwVLnr7e1c9TAZwJ0QE38j9syW1hwx6HaqEVTwI+O07WPdZn8Rp0w=="
      }
    }
  }
}