
Microsoft Visual Studio Solution File, Format Version 12.00
# Visual Studio Version 17
VisualStudioVersion = 17.0.31903.59
MinimumVisualStudioVersion = 10.0.40219.1
Project("{2150E333-8FDC-42A3-9474-1A3956D46DE8}") = "src", "src", "{827E0CD3-B72D-47B6-A68D-7590B98EB39B}"
EndProject
Project("{FAE04EC0-301F-11D3-BF4B-00C04F79EFBC}") = "MirrorPulse.Core", "src\MirrorPulse.Core\MirrorPulse.Core.csproj", "{D7489B10-F6A1-4442-B17B-3D147F599E7C}"
EndProject
Project("{FAE04EC0-301F-11D3-BF4B-00C04F79EFBC}") = "MirrorPulse.Host", "src\MirrorPulse.Host\MirrorPulse.Host.csproj", "{C228F7D3-C88F-40DC-AFB9-795C12FA7020}"
EndProject
Project("{2150E333-8FDC-42A3-9474-1A3956D46DE8}") = "tests", "tests", "{0AB3BF05-4346-4AA6-1389-037BE0695223}"
EndProject
Project("{FAE04EC0-301F-11D3-BF4B-00C04F79EFBC}") = "MirrorPulse.Core.Tests", "tests\MirrorPulse.Core.Tests\MirrorPulse.Core.Tests.csproj", "{075F9C8A-D7D5-4FC6-87E1-073D634650ED}"
EndProject
Project("{2150E333-8FDC-42A3-9474-1A3956D46DE8}") = "Adapters", "Adapters", "{09DF2EE5-5FE7-3EC7-59CB-CAD7E0928979}"
EndProject
Project("{2150E333-8FDC-42A3-9474-1A3956D46DE8}") = "samples", "samples", "{8FCE4EAD-D34E-5B8D-06DB-80DA6C0C3AE9}"
EndProject
Project("{FAE04EC0-301F-11D3-BF4B-00C04F79EFBC}") = "MirrorPulse.Adapter.SampleWorker", "Adapters\samples\MirrorPulse.Adapter.SampleWorker\MirrorPulse.Adapter.SampleWorker.csproj", "{4BE5787C-452F-4AD2-BE4C-268900A1B4DA}"
EndProject
Project("{2150E333-8FDC-42A3-9474-1A3956D46DE8}") = "src", "src", "{7A842A56-0CD6-D337-5F12-F8CE3DBA1A59}"
EndProject
Project("{FAE04EC0-301F-11D3-BF4B-00C04F79EFBC}") = "MirrorPulse.Adapter.Sdk", "Adapters\src\MirrorPulse.Adapter.Sdk\MirrorPulse.Adapter.Sdk.csproj", "{37D5830E-C084-46BC-AFCC-71EC6D24FBAE}"
EndProject
Project("{FAE04EC0-301F-11D3-BF4B-00C04F79EFBC}") = "MirrorPulse.UI.Resources", "src\MirrorPulse.UI.Resources\MirrorPulse.UI.Resources.csproj", "{1DBA9D08-07DB-43AA-A39D-B37526CE37AA}"
EndProject
Project("{FAE04EC0-301F-11D3-BF4B-00C04F79EFBC}") = "MirrorPulse.App", "src\MirrorPulse.App\MirrorPulse.App.csproj", "{AFFA623E-9474-4C37-8A9D-973FA243EB92}"
EndProject
Project("{FAE04EC0-301F-11D3-BF4B-00C04F79EFBC}") = "MirrorPulse.CloudFiles.CfSharp", "src\MirrorPulse.CloudFiles.CfSharp\MirrorPulse.CloudFiles.CfSharp.csproj", "{A44363DE-3745-4460-AAF5-26AD89AD12DD}"
EndProject
Project("{FAE04EC0-301F-11D3-BF4B-00C04F79EFBC}") = "MirrorPulse.CloudFiles.CfSharp.Tests", "tests\MirrorPulse.CloudFiles.CfSharp.Tests\MirrorPulse.CloudFiles.CfSharp.Tests.csproj", "{E781D26C-7BEC-4C00-8B9D-7CFEC15995E1}"
EndProject
Project("{FAE04EC0-301F-11D3-BF4B-00C04F79EFBC}") = "MirrorPulse.CfSharp.CrashProbe", "tests\MirrorPulse.CfSharp.CrashProbe\MirrorPulse.CfSharp.CrashProbe.csproj", "{29D20A18-ECE9-4F9F-AF4F-CA8D929D3573}"
EndProject
Project("{FAE04EC0-301F-11D3-BF4B-00C04F79EFBC}") = "MirrorPulse.Adapter.Ftp.Worker", "Adapters\official\MirrorPulse.Adapter.Ftp.Worker\MirrorPulse.Adapter.Ftp.Worker.csproj", "{9AD9F39B-2147-4573-85C2-8F63D7061E32}"
EndProject
Project("{2150E333-8FDC-42A3-9474-1A3956D46DE8}") = "official", "official", "{B879E9BD-8440-9653-D06A-9ED43BD20033}"
EndProject
Project("{FAE04EC0-301F-11D3-BF4B-00C04F79EFBC}") = "MirrorPulse.Adapter.Sftp.Worker", "Adapters\official\MirrorPulse.Adapter.Sftp.Worker\MirrorPulse.Adapter.Sftp.Worker.csproj", "{64111D27-BE92-450B-8B6E-18D97E28DDF0}"
EndProject
Project("{FAE04EC0-301F-11D3-BF4B-00C04F79EFBC}") = "MirrorPulse.Control", "src\MirrorPulse.Control\MirrorPulse.Control.csproj", "{912AC477-0152-48D2-ACDA-0B747D2FED15}"
EndProject
Project("{FAE04EC0-301F-11D3-BF4B-00C04F79EFBC}") = "MirrorPulse.Cli", "src\MirrorPulse.Cli\MirrorPulse.Cli.csproj", "{F59179CB-4011-421C-B5A5-A457B0C6A8E6}"
EndProject
Project("{FAE04EC0-301F-11D3-BF4B-00C04F79EFBC}") = "MirrorPulse.Cli.Tests", "tests\MirrorPulse.Cli.Tests\MirrorPulse.Cli.Tests.csproj", "{E8E8FFE8-FA26-4238-B10B-301649A04E70}"
EndProject
Project("{FAE04EC0-301F-11D3-BF4B-00C04F79EFBC}") = "MirrorPulse.Worker.ProtocolFixture", "tests\MirrorPulse.Worker.ProtocolFixture\MirrorPulse.Worker.ProtocolFixture.csproj", "{FAB00743-E8EB-40E5-B77D-4B5DC040889C}"
EndProject
Global
	GlobalSection(SolutionConfigurationPlatforms) = preSolution
		Debug|Any CPU = Debug|Any CPU
		Debug|x64 = Debug|x64
		Debug|x86 = Debug|x86
		Release|Any CPU = Release|Any CPU
		Release|x64 = Release|x64
		Release|x86 = Release|x86
	EndGlobalSection
	GlobalSection(ProjectConfigurationPlatforms) = postSolution
		{D7489B10-F6A1-4442-B17B-3D147F599E7C}.Debug|Any CPU.ActiveCfg = Debug|Any CPU
		{D7489B10-F6A1-4442-B17B-3D147F599E7C}.Debug|Any CPU.Build.0 = Debug|Any CPU
		{D7489B10-F6A1-4442-B17B-3D147F599E7C}.Debug|x64.ActiveCfg = Debug|Any CPU
		{D7489B10-F6A1-4442-B17B-3D147F599E7C}.Debug|x64.Build.0 = Debug|Any CPU
		{D7489B10-F6A1-4442-B17B-3D147F599E7C}.Debug|x86.ActiveCfg = Debug|Any CPU
		{D7489B10-F6A1-4442-B17B-3D147F599E7C}.Debug|x86.Build.0 = Debug|Any CPU
		{D7489B10-F6A1-4442-B17B-3D147F599E7C}.Release|Any CPU.ActiveCfg = Release|Any CPU
		{D7489B10-F6A1-4442-B17B-3D147F599E7C}.Release|Any CPU.Build.0 = Release|Any CPU
		{D7489B10-F6A1-4442-B17B-3D147F599E7C}.Release|x64.ActiveCfg = Release|Any CPU
		{D7489B10-F6A1-4442-B17B-3D147F599E7C}.Release|x64.Build.0 = Release|Any CPU
		{D7489B10-F6A1-4442-B17B-3D147F599E7C}.Release|x86.ActiveCfg = Release|Any CPU
		{D7489B10-F6A1-4442-B17B-3D147F599E7C}.Release|x86.Build.0 = Release|Any CPU
		{C228F7D3-C88F-40DC-AFB9-795C12FA7020}.Debug|Any CPU.ActiveCfg = Debug|Any CPU
		{C228F7D3-C88F-40DC-AFB9-795C12FA7020}.Debug|Any CPU.Build.0 = Debug|Any CPU
		{C228F7D3-C88F-40DC-AFB9-795C12FA7020}.Debug|x64.ActiveCfg = Debug|Any CPU
		{C228F7D3-C88F-40DC-AFB9-795C12FA7020}.Debug|x64.Build.0 = Debug|Any CPU
		{C228F7D3-C88F-40DC-AFB9-795C12FA7020}.Debug|x86.ActiveCfg = Debug|Any CPU
		{C228F7D3-C88F-40DC-AFB9-795C12FA7020}.Debug|x86.Build.0 = Debug|Any CPU
		{C228F7D3-C88F-40DC-AFB9-795C12FA7020}.Release|Any CPU.ActiveCfg = Release|Any CPU
		{C228F7D3-C88F-40DC-AFB9-795C12FA7020}.Release|Any CPU.Build.0 = Release|Any CPU
		{C228F7D3-C88F-40DC-AFB9-795C12FA7020}.Release|x64.ActiveCfg = Release|Any CPU
		{C228F7D3-C88F-40DC-AFB9-795C12FA7020}.Release|x64.Build.0 = Release|Any CPU
		{C228F7D3-C88F-40DC-AFB9-795C12FA7020}.Release|x86.ActiveCfg = Release|Any CPU
		{C228F7D3-C88F-40DC-AFB9-795C12FA7020}.Release|x86.Build.0 = Release|Any CPU
		{075F9C8A-D7D5-4FC6-87E1-073D634650ED}.Debug|Any CPU.ActiveCfg = Debug|Any CPU
		{075F9C8A-D7D5-4FC6-87E1-073D634650ED}.Debug|Any CPU.Build.0 = Debug|Any CPU
		{075F9C8A-D7D5-4FC6-87E1-073D634650ED}.Debug|x64.ActiveCfg = Debug|Any CPU
		{075F9C8A-D7D5-4FC6-87E1-073D634650ED}.Debug|x64.Build.0 = Debug|Any CPU
		{075F9C8A-D7D5-4FC6-87E1-073D634650ED}.Debug|x86.ActiveCfg = Debug|Any CPU
		{075F9C8A-D7D5-4FC6-87E1-073D634650ED}.Debug|x86.Build.0 = Debug|Any CPU
		{075F9C8A-D7D5-4FC6-87E1-073D634650ED}.Release|Any CPU.ActiveCfg = Release|Any CPU
		{075F9C8A-D7D5-4FC6-87E1-073D634650ED}.Release|Any CPU.Build.0 = Release|Any CPU
		{075F9C8A-D7D5-4FC6-87E1-073D634650ED}.Release|x64.ActiveCfg = Release|Any CPU
		{075F9C8A-D7D5-4FC6-87E1-073D634650ED}.Release|x64.Build.0 = Release|Any CPU
		{075F9C8A-D7D5-4FC6-87E1-073D634650ED}.Release|x86.ActiveCfg = Release|Any CPU
		{075F9C8A-D7D5-4FC6-87E1-073D634650ED}.Release|x86.Build.0 = Release|Any CPU
		{4BE5787C-452F-4AD2-BE4C-268900A1B4DA}.Debug|Any CPU.ActiveCfg = Debug|Any CPU
		{4BE5787C-452F-4AD2-BE4C-268900A1B4DA}.Debug|Any CPU.Build.0 = Debug|Any CPU
		{4BE5787C-452F-4AD2-BE4C-268900A1B4DA}.Debug|x64.ActiveCfg = Debug|Any CPU
		{4BE5787C-452F-4AD2-BE4C-268900A1B4DA}.Debug|x64.Build.0 = Debug|Any CPU
		{4BE5787C-452F-4AD2-BE4C-268900A1B4DA}.Debug|x86.ActiveCfg = Debug|Any CPU
		{4BE5787C-452F-4AD2-BE4C-268900A1B4DA}.Debug|x86.Build.0 = Debug|Any CPU
		{4BE5787C-452F-4AD2-BE4C-268900A1B4DA}.Release|Any CPU.ActiveCfg = Release|Any CPU
		{4BE5787C-452F-4AD2-BE4C-268900A1B4DA}.Release|Any CPU.Build.0 = Release|Any CPU
		{4BE5787C-452F-4AD2-BE4C-268900A1B4DA}.Release|x64.ActiveCfg = Release|Any CPU
		{4BE5787C-452F-4AD2-BE4C-268900A1B4DA}.Release|x64.Build.0 = Release|Any CPU
		{4BE5787C-452F-4AD2-BE4C-268900A1B4DA}.Release|x86.ActiveCfg = Release|Any CPU
		{4BE5787C-452F-4AD2-BE4C-268900A1B4DA}.Release|x86.Build.0 = Release|Any CPU
		{37D5830E-C084-46BC-AFCC-71EC6D24FBAE}.Debug|Any CPU.ActiveCfg = Debug|Any CPU
		{37D5830E-C084-46BC-AFCC-71EC6D24FBAE}.Debug|Any CPU.Build.0 = Debug|Any CPU
		{37D5830E-C084-46BC-AFCC-71EC6D24FBAE}.Debug|x64.ActiveCfg = Debug|Any CPU
		{37D5830E-C084-46BC-AFCC-71EC6D24FBAE}.Debug|x64.Build.0 = Debug|Any CPU
		{37D5830E-C084-46BC-AFCC-71EC6D24FBAE}.Debug|x86.ActiveCfg = Debug|Any CPU
		{37D5830E-C084-46BC-AFCC-71EC6D24FBAE}.Debug|x86.Build.0 = Debug|Any CPU
		{37D5830E-C084-46BC-AFCC-71EC6D24FBAE}.Release|Any CPU.ActiveCfg = Release|Any CPU
		{37D5830E-C084-46BC-AFCC-71EC6D24FBAE}.Release|Any CPU.Build.0 = Release|Any CPU
		{37D5830E-C084-46BC-AFCC-71EC6D24FBAE}.Release|x64.ActiveCfg = Release|Any CPU
		{37D5830E-C084-46BC-AFCC-71EC6D24FBAE}.Release|x64.Build.0 = Release|Any CPU
		{37D5830E-C084-46BC-AFCC-71EC6D24FBAE}.Release|x86.ActiveCfg = Release|Any CPU
		{37D5830E-C084-46BC-AFCC-71EC6D24FBAE}.Release|x86.Build.0 = Release|Any CPU
		{1DBA9D08-07DB-43AA-A39D-B37526CE37AA}.Debug|Any CPU.ActiveCfg = Debug|Any CPU
		{1DBA9D08-07DB-43AA-A39D-B37526CE37AA}.Debug|Any CPU.Build.0 = Debug|Any CPU
		{1DBA9D08-07DB-43AA-A39D-B37526CE37AA}.Debug|x64.ActiveCfg = Debug|Any CPU
		{1DBA9D08-07DB-43AA-A39D-B37526CE37AA}.Debug|x64.Build.0 = Debug|Any CPU
		{1DBA9D08-07DB-43AA-A39D-B37526CE37AA}.Debug|x86.ActiveCfg = Debug|Any CPU
		{1DBA9D08-07DB-43AA-A39D-B37526CE37AA}.Debug|x86.Build.0 = Debug|Any CPU
		{1DBA9D08-07DB-43AA-A39D-B37526CE37AA}.Release|Any CPU.ActiveCfg = Release|Any CPU
		{1DBA9D08-07DB-43AA-A39D-B37526CE37AA}.Release|Any CPU.Build.0 = Release|Any CPU
		{1DBA9D08-07DB-43AA-A39D-B37526CE37AA}.Release|x64.ActiveCfg = Release|Any CPU
		{1DBA9D08-07DB-43AA-A39D-B37526CE37AA}.Release|x64.Build.0 = Release|Any CPU
		{1DBA9D08-07DB-43AA-A39D-B37526CE37AA}.Release|x86.ActiveCfg = Release|Any CPU
		{1DBA9D08-07DB-43AA-A39D-B37526CE37AA}.Release|x86.Build.0 = Release|Any CPU
		{AFFA623E-9474-4C37-8A9D-973FA243EB92}.Debug|Any CPU.ActiveCfg = Debug|x64
		{AFFA623E-9474-4C37-8A9D-973FA243EB92}.Debug|Any CPU.Build.0 = Debug|x64
		{AFFA623E-9474-4C37-8A9D-973FA243EB92}.Debug|x64.ActiveCfg = Debug|x64
		{AFFA623E-9474-4C37-8A9D-973FA243EB92}.Debug|x64.Build.0 = Debug|x64
		{AFFA623E-9474-4C37-8A9D-973FA243EB92}.Debug|x86.ActiveCfg = Debug|x86
		{AFFA623E-9474-4C37-8A9D-973FA243EB92}.Debug|x86.Build.0 = Debug|x86
		{AFFA623E-9474-4C37-8A9D-973FA243EB92}.Release|Any CPU.ActiveCfg = Release|x64
		{AFFA623E-9474-4C37-8A9D-973FA243EB92}.Release|Any CPU.Build.0 = Release|x64
		{AFFA623E-9474-4C37-8A9D-973FA243EB92}.Release|x64.ActiveCfg = Release|x64
		{AFFA623E-9474-4C37-8A9D-973FA243EB92}.Release|x64.Build.0 = Release|x64
		{AFFA623E-9474-4C37-8A9D-973FA243EB92}.Release|x86.ActiveCfg = Release|x86
		{AFFA623E-9474-4C37-8A9D-973FA243EB92}.Release|x86.Build.0 = Release|x86
		{A44363DE-3745-4460-AAF5-26AD89AD12DD}.Debug|Any CPU.ActiveCfg = Debug|Any CPU
		{A44363DE-3745-4460-AAF5-26AD89AD12DD}.Debug|Any CPU.Build.0 = Debug|Any CPU
		{A44363DE-3745-4460-AAF5-26AD89AD12DD}.Debug|x64.ActiveCfg = Debug|Any CPU
		{A44363DE-3745-4460-AAF5-26AD89AD12DD}.Debug|x64.Build.0 = Debug|Any CPU
		{A44363DE-3745-4460-AAF5-26AD89AD12DD}.Debug|x86.ActiveCfg = Debug|Any CPU
		{A44363DE-3745-4460-AAF5-26AD89AD12DD}.Debug|x86.Build.0 = Debug|Any CPU
		{A44363DE-3745-4460-AAF5-26AD89AD12DD}.Release|Any CPU.ActiveCfg = Release|Any CPU
		{A44363DE-3745-4460-AAF5-26AD89AD12DD}.Release|Any CPU.Build.0 = Release|Any CPU
		{A44363DE-3745-4460-AAF5-26AD89AD12DD}.Release|x64.ActiveCfg = Release|Any CPU
		{A44363DE-3745-4460-AAF5-26AD89AD12DD}.Release|x64.Build.0 = Release|Any CPU
		{A44363DE-3745-4460-AAF5-26AD89AD12DD}.Release|x86.ActiveCfg = Release|Any CPU
		{A44363DE-3745-4460-AAF5-26AD89AD12DD}.Release|x86.Build.0 = Release|Any CPU
		{E781D26C-7BEC-4C00-8B9D-7CFEC15995E1}.Debug|Any CPU.ActiveCfg = Debug|Any CPU
		{E781D26C-7BEC-4C00-8B9D-7CFEC15995E1}.Debug|Any CPU.Build.0 = Debug|Any CPU
		{E781D26C-7BEC-4C00-8B9D-7CFEC15995E1}.Debug|x64.ActiveCfg = Debug|Any CPU
		{E781D26C-7BEC-4C00-8B9D-7CFEC15995E1}.Debug|x64.Build.0 = Debug|Any CPU
		{E781D26C-7BEC-4C00-8B9D-7CFEC15995E1}.Debug|x86.ActiveCfg = Debug|Any CPU
		{E781D26C-7BEC-4C00-8B9D-7CFEC15995E1}.Debug|x86.Build.0 = Debug|Any CPU
		{E781D26C-7BEC-4C00-8B9D-7CFEC15995E1}.Release|Any CPU.ActiveCfg = Release|Any CPU
		{E781D26C-7BEC-4C00-8B9D-7CFEC15995E1}.Release|Any CPU.Build.0 = Release|Any CPU
		{E781D26C-7BEC-4C00-8B9D-7CFEC15995E1}.Release|x64.ActiveCfg = Release|Any CPU
		{E781D26C-7BEC-4C00-8B9D-7CFEC15995E1}.Release|x64.Build.0 = Release|Any CPU
		{E781D26C-7BEC-4C00-8B9D-7CFEC15995E1}.Release|x86.ActiveCfg = Release|Any CPU
		{E781D26C-7BEC-4C00-8B9D-7CFEC15995E1}.Release|x86.Build.0 = Release|Any CPU
		{29D20A18-ECE9-4F9F-AF4F-CA8D929D3573}.Debug|Any CPU.ActiveCfg = Debug|Any CPU
		{29D20A18-ECE9-4F9F-AF4F-CA8D929D3573}.Debug|Any CPU.Build.0 = Debug|Any CPU
		{29D20A18-ECE9-4F9F-AF4F-CA8D929D3573}.Debug|x64.ActiveCfg = Debug|Any CPU
		{29D20A18-ECE9-4F9F-AF4F-CA8D929D3573}.Debug|x64.Build.0 = Debug|Any CPU
		{29D20A18-ECE9-4F9F-AF4F-CA8D929D3573}.Debug|x86.ActiveCfg = Debug|Any CPU
		{29D20A18-ECE9-4F9F-AF4F-CA8D929D3573}.Debug|x86.Build.0 = Debug|Any CPU
		{29D20A18-ECE9-4F9F-AF4F-CA8D929D3573}.Release|Any CPU.ActiveCfg = Release|Any CPU
		{29D20A18-ECE9-4F9F-AF4F-CA8D929D3573}.Release|Any CPU.Build.0 = Release|Any CPU
		{29D20A18-ECE9-4F9F-AF4F-CA8D929D3573}.Release|x64.ActiveCfg = Release|Any CPU
		{29D20A18-ECE9-4F9F-AF4F-CA8D929D3573}.Release|x64.Build.0 = Release|Any CPU
		{29D20A18-ECE9-4F9F-AF4F-CA8D929D3573}.Release|x86.ActiveCfg = Release|Any CPU
		{29D20A18-ECE9-4F9F-AF4F-CA8D929D3573}.Release|x86.Build.0 = Release|Any CPU
		{9AD9F39B-2147-4573-85C2-8F63D7061E32}.Debug|Any CPU.ActiveCfg = Debug|Any CPU
		{9AD9F39B-2147-4573-85C2-8F63D7061E32}.Debug|Any CPU.Build.0 = Debug|Any CPU
		{9AD9F39B-2147-4573-85C2-8F63D7061E32}.Debug|x64.ActiveCfg = Debug|Any CPU
		{9AD9F39B-2147-4573-85C2-8F63D7061E32}.Debug|x64.Build.0 = Debug|Any CPU
		{9AD9F39B-2147-4573-85C2-8F63D7061E32}.Debug|x86.ActiveCfg = Debug|Any CPU
		{9AD9F39B-2147-4573-85C2-8F63D7061E32}.Debug|x86.Build.0 = Debug|Any CPU
		{9AD9F39B-2147-4573-85C2-8F63D7061E32}.Release|Any CPU.ActiveCfg = Release|Any CPU
		{9AD9F39B-2147-4573-85C2-8F63D7061E32}.Release|Any CPU.Build.0 = Release|Any CPU
		{9AD9F39B-2147-4573-85C2-8F63D7061E32}.Release|x64.ActiveCfg = Release|Any CPU
		{9AD9F39B-2147-4573-85C2-8F63D7061E32}.Release|x64.Build.0 = Release|Any CPU
		{9AD9F39B-2147-4573-85C2-8F63D7061E32}.Release|x86.ActiveCfg = Release|Any CPU
		{9AD9F39B-2147-4573-85C2-8F63D7061E32}.Release|x86.Build.0 = Release|Any CPU
		{64111D27-BE92-450B-8B6E-18D97E28DDF0}.Debug|Any CPU.ActiveCfg = Debug|Any CPU
		{64111D27-BE92-450B-8B6E-18D97E28DDF0}.Debug|Any CPU.Build.0 = Debug|Any CPU
		{64111D27-BE92-450B-8B6E-18D97E28DDF0}.Debug|x64.ActiveCfg = Debug|Any CPU
		{64111D27-BE92-450B-8B6E-18D97E28DDF0}.Debug|x64.Build.0 = Debug|Any CPU
		{64111D27-BE92-450B-8B6E-18D97E28DDF0}.Debug|x86.ActiveCfg = Debug|Any CPU
		{64111D27-BE92-450B-8B6E-18D97E28DDF0}.Debug|x86.Build.0 = Debug|Any CPU
		{64111D27-BE92-450B-8B6E-18D97E28DDF0}.Release|Any CPU.ActiveCfg = Release|Any CPU
		{64111D27-BE92-450B-8B6E-18D97E28DDF0}.Release|Any CPU.Build.0 = Release|Any CPU
		{64111D27-BE92-450B-8B6E-18D97E28DDF0}.Release|x64.ActiveCfg = Release|Any CPU
		{64111D27-BE92-450B-8B6E-18D97E28DDF0}.Release|x64.Build.0 = Release|Any CPU
		{64111D27-BE92-450B-8B6E-18D97E28DDF0}.Release|x86.ActiveCfg = Release|Any CPU
		{64111D27-BE92-450B-8B6E-18D97E28DDF0}.Release|x86.Build.0 = Release|Any CPU
		{912AC477-0152-48D2-ACDA-0B747D2FED15}.Debug|Any CPU.ActiveCfg = Debug|Any CPU
		{912AC477-0152-48D2-ACDA-0B747D2FED15}.Debug|Any CPU.Build.0 = Debug|Any CPU
		{912AC477-0152-48D2-ACDA-0B747D2FED15}.Debug|x64.ActiveCfg = Debug|Any CPU
		{912AC477-0152-48D2-ACDA-0B747D2FED15}.Debug|x64.Build.0 = Debug|Any CPU
		{912AC477-0152-48D2-ACDA-0B747D2FED15}.Debug|x86.ActiveCfg = Debug|Any CPU
		{912AC477-0152-48D2-ACDA-0B747D2FED15}.Debug|x86.Build.0 = Debug|Any CPU
		{912AC477-0152-48D2-ACDA-0B747D2FED15}.Release|Any CPU.ActiveCfg = Release|Any CPU
		{912AC477-0152-48D2-ACDA-0B747D2FED15}.Release|Any CPU.Build.0 = Release|Any CPU
		{912AC477-0152-48D2-ACDA-0B747D2FED15}.Release|x64.ActiveCfg = Release|Any CPU
		{912AC477-0152-48D2-ACDA-0B747D2FED15}.Release|x64.Build.0 = Release|Any CPU
		{912AC477-0152-48D2-ACDA-0B747D2FED15}.Release|x86.ActiveCfg = Release|Any CPU
		{912AC477-0152-48D2-ACDA-0B747D2FED15}.Release|x86.Build.0 = Release|Any CPU
		{F59179CB-4011-421C-B5A5-A457B0C6A8E6}.Debug|Any CPU.ActiveCfg = Debug|Any CPU
		{F59179CB-4011-421C-B5A5-A457B0C6A8E6}.Debug|Any CPU.Build.0 = Debug|Any CPU
		{F59179CB-4011-421C-B5A5-A457B0C6A8E6}.Debug|x64.ActiveCfg = Debug|Any CPU
		{F59179CB-4011-421C-B5A5-A457B0C6A8E6}.Debug|x64.Build.0 = Debug|Any CPU
		{F59179CB-4011-421C-B5A5-A457B0C6A8E6}.Debug|x86.ActiveCfg = Debug|Any CPU
		{F59179CB-4011-421C-B5A5-A457B0C6A8E6}.Debug|x86.Build.0 = Debug|Any CPU
		{F59179CB-4011-421C-B5A5-A457B0C6A8E6}.Release|Any CPU.ActiveCfg = Release|Any CPU
		{F59179CB-4011-421C-B5A5-A457B0C6A8E6}.Release|Any CPU.Build.0 = Release|Any CPU
		{F59179CB-4011-421C-B5A5-A457B0C6A8E6}.Release|x64.ActiveCfg = Release|Any CPU
		{F59179CB-4011-421C-B5A5-A457B0C6A8E6}.Release|x64.Build.0 = Release|Any CPU
		{F59179CB-4011-421C-B5A5-A457B0C6A8E6}.Release|x86.ActiveCfg = Release|Any CPU
		{F59179CB-4011-421C-B5A5-A457B0C6A8E6}.Release|x86.Build.0 = Release|Any CPU
		{E8E8FFE8-FA26-4238-B10B-301649A04E70}.Debug|Any CPU.ActiveCfg = Debug|Any CPU
		{E8E8FFE8-FA26-4238-B10B-301649A04E70}.Debug|Any CPU.Build.0 = Debug|Any CPU
		{E8E8FFE8-FA26-4238-B10B-301649A04E70}.Debug|x64.ActiveCfg = Debug|Any CPU
		{E8E8FFE8-FA26-4238-B10B-301649A04E70}.Debug|x64.Build.0 = Debug|Any CPU
		{E8E8FFE8-FA26-4238-B10B-301649A04E70}.Debug|x86.ActiveCfg = Debug|Any CPU
		{E8E8FFE8-FA26-4238-B10B-301649A04E70}.Debug|x86.Build.0 = Debug|Any CPU
		{E8E8FFE8-FA26-4238-B10B-301649A04E70}.Release|Any CPU.ActiveCfg = Release|Any CPU
		{E8E8FFE8-FA26-4238-B10B-301649A04E70}.Release|Any CPU.Build.0 = Release|Any CPU
		{E8E8FFE8-FA26-4238-B10B-301649A04E70}.Release|x64.ActiveCfg = Release|Any CPU
		{E8E8FFE8-FA26-4238-B10B-301649A04E70}.Release|x64.Build.0 = Release|Any CPU
		{E8E8FFE8-FA26-4238-B10B-301649A04E70}.Release|x86.ActiveCfg = Release|Any CPU
		{E8E8FFE8-FA26-4238-B10B-301649A04E70}.Release|x86.Build.0 = Release|Any CPU
		{FAB00743-E8EB-40E5-B77D-4B5DC040889C}.Debug|Any CPU.ActiveCfg = Debug|Any CPU
		{FAB00743-E8EB-40E5-B77D-4B5DC040889C}.Debug|Any CPU.Build.0 = Debug|Any CPU
		{FAB00743-E8EB-40E5-B77D-4B5DC040889C}.Debug|x64.ActiveCfg = Debug|Any CPU
		{FAB00743-E8EB-40E5-B77D-4B5DC040889C}.Debug|x64.Build.0 = Debug|Any CPU
		{FAB00743-E8EB-40E5-B77D-4B5DC040889C}.Debug|x86.ActiveCfg = Debug|Any CPU
		{FAB00743-E8EB-40E5-B77D-4B5DC040889C}.Debug|x86.Build.0 = Debug|Any CPU
		{FAB00743-E8EB-40E5-B77D-4B5DC040889C}.Release|Any CPU.ActiveCfg = Release|Any CPU
		{FAB00743-E8EB-40E5-B77D-4B5DC040889C}.Release|Any CPU.Build.0 = Release|Any CPU
		{FAB00743-E8EB-40E5-B77D-4B5DC040889C}.Release|x64.ActiveCfg = Release|Any CPU
		{FAB00743-E8EB-40E5-B77D-4B5DC040889C}.Release|x64.Build.0 = Release|Any CPU
		{FAB00743-E8EB-40E5-B77D-4B5DC040889C}.Release|x86.ActiveCfg = Release|Any CPU
		{FAB00743-E8EB-40E5-B77D-4B5DC040889C}.Release|x86.Build.0 = Release|Any CPU
	EndGlobalSection
	GlobalSection(SolutionProperties) = preSolution
		HideSolutionNode = FALSE
	EndGlobalSection
	GlobalSection(NestedProjects) = preSolution
		{D7489B10-F6A1-4442-B17B-3D147F599E7C} = {827E0CD3-B72D-47B6-A68D-7590B98EB39B}
		{C228F7D3-C88F-40DC-AFB9-795C12FA7020} = {827E0CD3-B72D-47B6-A68D-7590B98EB39B}
		{075F9C8A-D7D5-4FC6-87E1-073D634650ED} = {0AB3BF05-4346-4AA6-1389-037BE0695223}
		{8FCE4EAD-D34E-5B8D-06DB-80DA6C0C3AE9} = {09DF2EE5-5FE7-3EC7-59CB-CAD7E0928979}
		{4BE5787C-452F-4AD2-BE4C-268900A1B4DA} = {8FCE4EAD-D34E-5B8D-06DB-80DA6C0C3AE9}
		{7A842A56-0CD6-D337-5F12-F8CE3DBA1A59} = {09DF2EE5-5FE7-3EC7-59CB-CAD7E0928979}
		{37D5830E-C084-46BC-AFCC-71EC6D24FBAE} = {7A842A56-0CD6-D337-5F12-F8CE3DBA1A59}
		{1DBA9D08-07DB-43AA-A39D-B37526CE37AA} = {827E0CD3-B72D-47B6-A68D-7590B98EB39B}
		{AFFA623E-9474-4C37-8A9D-973FA243EB92} = {827E0CD3-B72D-47B6-A68D-7590B98EB39B}
		{A44363DE-3745-4460-AAF5-26AD89AD12DD} = {827E0CD3-B72D-47B6-A68D-7590B98EB39B}
		{E781D26C-7BEC-4C00-8B9D-7CFEC15995E1} = {0AB3BF05-4346-4AA6-1389-037BE0695223}
		{29D20A18-ECE9-4F9F-AF4F-CA8D929D3573} = {0AB3BF05-4346-4AA6-1389-037BE0695223}
		{9AD9F39B-2147-4573-85C2-8F63D7061E32} = {09DF2EE5-5FE7-3EC7-59CB-CAD7E0928979}
		{B879E9BD-8440-9653-D06A-9ED43BD20033} = {09DF2EE5-5FE7-3EC7-59CB-CAD7E0928979}
		{64111D27-BE92-450B-8B6E-18D97E28DDF0} = {B879E9BD-8440-9653-D06A-9ED43BD20033}
		{912AC477-0152-48D2-ACDA-0B747D2FED15} = {827E0CD3-B72D-47B6-A68D-7590B98EB39B}
		{F59179CB-4011-421C-B5A5-A457B0C6A8E6} = {827E0CD3-B72D-47B6-A68D-7590B98EB39B}
		{E8E8FFE8-FA26-4238-B10B-301649A04E70} = {0AB3BF05-4346-4AA6-1389-037BE0695223}
		{FAB00743-E8EB-40E5-B77D-4B5DC040889C} = {0AB3BF05-4346-4AA6-1389-037BE0695223}
	EndGlobalSection
EndGlobal
