
Microsoft Visual Studio Solution File, Format Version 12.00
# Visual Studio Version 17
VisualStudioVersion = 17.0.31903.59
MinimumVisualStudioVersion = 10.0.40219.1
Project("{2150E333-8FDC-42A3-9474-1A3956D46DE8}") = "src", "src", "{827E0CD3-B72D-47B6-A68D-7590B98EB39B}"
EndProject
Project("{FAE04EC0-301F-11D3-BF4B-00C04F79EFBC}") = "MirrorPulse.Core", "src\MirrorPulse.Core\MirrorPulse.Core.csproj", "{D7489B10-F6A1-4442-B17B-3D147F599E7C}"
EndProject
Project("{FAE04EC0-301F-11D3-BF4B-00C04F79EFBC}") = "MirrorPulse.Host", "src\MirrorPulse.Host\MirrorPulse.Host.csproj", "{C228F7D3-C88F-40DC-AFB9-795C12FA7020}"
EndProject
Project("{2150E333-8FDC-42A3-9474-1A3956D46DE8}") = "tests", "tests", "{0AB3BF05-4346-4AA6-1389-037BE0695223}"
EndProject
Project("{FAE04EC0-301F-11D3-BF4B-00C04F79EFBC}") = "MirrorPulse.Core.Tests", "tests\MirrorPulse.Core.Tests\MirrorPulse.Core.Tests.csproj", "{075F9C8A-D7D5-4FC6-87E1-073D634650ED}"
EndProject
Project("{2150E333-8FDC-42A3-9474-1A3956D46DE8}") = "Adapters", "Adapters", "{09DF2EE5-5FE7-3EC7-59CB-CAD7E0928979}"
EndProject
Project("{2150E333-8FDC-42A3-9474-1A3956D46DE8}") = "samples", "samples", "{8FCE4EAD-D34E-5B8D-06DB-80DA6C0C3AE9}"
EndProject
Project("{FAE04EC0-301F-11D3-BF4B-00C04F79EFBC}") = "MirrorPulse.Adapter.SampleWorker", "Adapters\samples\MirrorPulse.Adapter.SampleWorker\MirrorPulse.Adapter.SampleWorker.csproj", "{4BE5787C-452F-4AD2-BE4C-268900A1B4DA}"
EndProject
Project("{2150E333-8FDC-42A3-9474-1A3956D46DE8}") = "src", "src", "{7A842A56-0CD6-D337-5F12-F8CE3DBA1A59}"
EndProject
Project("{FAE04EC0-301F-11D3-BF4B-00C04F79EFBC}") = "MirrorPulse.Adapter.Sdk", "Adapters\src\MirrorPulse.Adapter.Sdk\MirrorPulse.Adapter.Sdk.csproj", "{37D5830E-C084-46BC-AFCC-71EC6D24FBAE}"
EndProject
Global
	GlobalSection(SolutionConfigurationPlatforms) = preSolution
		Debug|Any CPU = Debug|Any CPU
		Debug|x64 = Debug|x64
		Debug|x86 = Debug|x86
		Release|Any CPU = Release|Any CPU
		Release|x64 = Release|x64
		Release|x86 = Release|x86
	EndGlobalSection
	GlobalSection(ProjectConfigurationPlatforms) = postSolution
		{D7489B10-F6A1-4442-B17B-3D147F599E7C}.Debug|Any CPU.ActiveCfg = Debug|Any CPU
		{D7489B10-F6A1-4442-B17B-3D147F599E7C}.Debug|Any CPU.Build.0 = Debug|Any CPU
		{D7489B10-F6A1-4442-B17B-3D147F599E7C}.Debug|x64.ActiveCfg = Debug|Any CPU
		{D7489B10-F6A1-4442-B17B-3D147F599E7C}.Debug|x64.Build.0 = Debug|Any CPU
		{D7489B10-F6A1-4442-B17B-3D147F599E7C}.Debug|x86.ActiveCfg = Debug|Any CPU
		{D7489B10-F6A1-4442-B17B-3D147F599E7C}.Debug|x86.Build.0 = Debug|Any CPU
		{D7489B10-F6A1-4442-B17B-3D147F599E7C}.Release|Any CPU.ActiveCfg = Release|Any CPU
		{D7489B10-F6A1-4442-B17B-3D147F599E7C}.Release|Any CPU.Build.0 = Release|Any CPU
		{D7489B10-F6A1-4442-B17B-3D147F599E7C}.Release|x64.ActiveCfg = Release|Any CPU
		{D7489B10-F6A1-4442-B17B-3D147F599E7C}.Release|x64.Build.0 = Release|Any CPU
		{D7489B10-F6A1-4442-B17B-3D147F599E7C}.Release|x86.ActiveCfg = Release|Any CPU
		{D7489B10-F6A1-4442-B17B-3D147F599E7C}.Release|x86.Build.0 = Release|Any CPU
		{C228F7D3-C88F-40DC-AFB9-795C12FA7020}.Debug|Any CPU.ActiveCfg = Debug|Any CPU
		{C228F7D3-C88F-40DC-AFB9-795C12FA7020}.Debug|Any CPU.Build.0 = Debug|Any CPU
		{C228F7D3-C88F-40DC-AFB9-795C12FA7020}.Debug|x64.ActiveCfg = Debug|Any CPU
		{C228F7D3-C88F-40DC-AFB9-795C12FA7020}.Debug|x64.Build.0 = Debug|Any CPU
		{C228F7D3-C88F-40DC-AFB9-795C12FA7020}.Debug|x86.ActiveCfg = Debug|Any CPU
		{C228F7D3-C88F-40DC-AFB9-795C12FA7020}.Debug|x86.Build.0 = Debug|Any CPU
		{C228F7D3-C88F-40DC-AFB9-795C12FA7020}.Release|Any CPU.ActiveCfg = Release|Any CPU
		{C228F7D3-C88F-40DC-AFB9-795C12FA7020}.Release|Any CPU.Build.0 = Release|Any CPU
		{C228F7D3-C88F-40DC-AFB9-795C12FA7020}.Release|x64.ActiveCfg = Release|Any CPU
		{C228F7D3-C88F-40DC-AFB9-795C12FA7020}.Release|x64.Build.0 = Release|Any CPU
		{C228F7D3-C88F-40DC-AFB9-795C12FA7020}.Release|x86.ActiveCfg = Release|Any CPU
		{C228F7D3-C88F-40DC-AFB9-795C12FA7020}.Release|x86.Build.0 = Release|Any CPU
		{075F9C8A-D7D5-4FC6-87E1-073D634650ED}.Debug|Any CPU.ActiveCfg = Debug|Any CPU
		{075F9C8A-D7D5-4FC6-87E1-073D634650ED}.Debug|Any CPU.Build.0 = Debug|Any CPU
		{075F9C8A-D7D5-4FC6-87E1-073D634650ED}.Debug|x64.ActiveCfg = Debug|Any CPU
		{075F9C8A-D7D5-4FC6-87E1-073D634650ED}.Debug|x64.Build.0 = Debug|Any CPU
		{075F9C8A-D7D5-4FC6-87E1-073D634650ED}.Debug|x86.ActiveCfg = Debug|Any CPU
		{075F9C8A-D7D5-4FC6-87E1-073D634650ED}.Debug|x86.Build.0 = Debug|Any CPU
		{075F9C8A-D7D5-4FC6-87E1-073D634650ED}.Release|Any CPU.ActiveCfg = Release|Any CPU
		{075F9C8A-D7D5-4FC6-87E1-073D634650ED}.Release|Any CPU.Build.0 = Release|Any CPU
		{075F9C8A-D7D5-4FC6-87E1-073D634650ED}.Release|x64.ActiveCfg = Release|Any CPU
		{075F9C8A-D7D5-4FC6-87E1-073D634650ED}.Release|x64.Build.0 = Release|Any CPU
		{075F9C8A-D7D5-4FC6-87E1-073D634650ED}.Release|x86.ActiveCfg = Release|Any CPU
		{075F9C8A-D7D5-4FC6-87E1-073D634650ED}.Release|x86.Build.0 = Release|Any CPU
		{4BE5787C-452F-4AD2-BE4C-268900A1B4DA}.Debug|Any CPU.ActiveCfg = Debug|Any CPU
		{4BE5787C-452F-4AD2-BE4C-268900A1B4DA}.Debug|Any CPU.Build.0 = Debug|Any CPU
		{4BE5787C-452F-4AD2-BE4C-268900A1B4DA}.Debug|x64.ActiveCfg = Debug|Any CPU
		{4BE5787C-452F-4AD2-BE4C-268900A1B4DA}.Debug|x64.Build.0 = Debug|Any CPU
		{4BE5787C-452F-4AD2-BE4C-268900A1B4DA}.Debug|x86.ActiveCfg = Debug|Any CPU
		{4BE5787C-452F-4AD2-BE4C-268900A1B4DA}.Debug|x86.Build.0 = Debug|Any CPU
		{4BE5787C-452F-4AD2-BE4C-268900A1B4DA}.Release|Any CPU.ActiveCfg = Release|Any CPU
		{4BE5787C-452F-4AD2-BE4C-268900A1B4DA}.Release|Any CPU.Build.0 = Release|Any CPU
		{4BE5787C-452F-4AD2-BE4C-268900A1B4DA}.Release|x64.ActiveCfg = Release|Any CPU
		{4BE5787C-452F-4AD2-BE4C-268900A1B4DA}.Release|x64.Build.0 = Release|Any CPU
		{4BE5787C-452F-4AD2-BE4C-268900A1B4DA}.Release|x86.ActiveCfg = Release|Any CPU
		{4BE5787C-452F-4AD2-BE4C-268900A1B4DA}.Release|x86.Build.0 = Release|Any CPU
		{37D5830E-C084-46BC-AFCC-71EC6D24FBAE}.Debug|Any CPU.ActiveCfg = Debug|Any CPU
		{37D5830E-C084-46BC-AFCC-71EC6D24FBAE}.Debug|Any CPU.Build.0 = Debug|Any CPU
		{37D5830E-C084-46BC-AFCC-71EC6D24FBAE}.Debug|x64.ActiveCfg = Debug|Any CPU
		{37D5830E-C084-46BC-AFCC-71EC6D24FBAE}.Debug|x64.Build.0 = Debug|Any CPU
		{37D5830E-C084-46BC-AFCC-71EC6D24FBAE}.Debug|x86.ActiveCfg = Debug|Any CPU
		{37D5830E-C084-46BC-AFCC-71EC6D24FBAE}.Debug|x86.Build.0 = Debug|Any CPU
		{37D5830E-C084-46BC-AFCC-71EC6D24FBAE}.Release|Any CPU.ActiveCfg = Release|Any CPU
		{37D5830E-C084-46BC-AFCC-71EC6D24FBAE}.Release|Any CPU.Build.0 = Release|Any CPU
		{37D5830E-C084-46BC-AFCC-71EC6D24FBAE}.Release|x64.ActiveCfg = Release|Any CPU
		{37D5830E-C084-46BC-AFCC-71EC6D24FBAE}.Release|x64.Build.0 = Release|Any CPU
		{37D5830E-C084-46BC-AFCC-71EC6D24FBAE}.Release|x86.ActiveCfg = Release|Any CPU
		{37D5830E-C084-46BC-AFCC-71EC6D24FBAE}.Release|x86.Build.0 = Release|Any CPU
	EndGlobalSection
	GlobalSection(SolutionProperties) = preSolution
		HideSolutionNode = FALSE
	EndGlobalSection
	GlobalSection(NestedProjects) = preSolution
		{D7489B10-F6A1-4442-B17B-3D147F599E7C} = {827E0CD3-B72D-47B6-A68D-7590B98EB39B}
		{C228F7D3-C88F-40DC-AFB9-795C12FA7020} = {827E0CD3-B72D-47B6-A68D-7590B98EB39B}
		{075F9C8A-D7D5-4FC6-87E1-073D634650ED} = {0AB3BF05-4346-4AA6-1389-037BE0695223}
		{8FCE4EAD-D34E-5B8D-06DB-80DA6C0C3AE9} = {09DF2EE5-5FE7-3EC7-59CB-CAD7E0928979}
		{4BE5787C-452F-4AD2-BE4C-268900A1B4DA} = {8FCE4EAD-D34E-5B8D-06DB-80DA6C0C3AE9}
		{7A842A56-0CD6-D337-5F12-F8CE3DBA1A59} = {09DF2EE5-5FE7-3EC7-59CB-CAD7E0928979}
		{37D5830E-C084-46BC-AFCC-71EC6D24FBAE} = {7A842A56-0CD6-D337-5F12-F8CE3DBA1A59}
	EndGlobalSection
EndGlobal
